// !$*UTF8*$!
{
	archiveVersion = 1;
	classes = {
	};
	objectVersion = 50;
	objects = {

/* Begin PBXBuildFile section */
		5ADFD2FA246BD70E00E31FEB /* AppDelegate.swift in Sources */ = {isa = PBXBuildFile; fileRef = 5ADFD2F9246BD70E00E31FEB /* AppDelegate.swift */; };
		5ADFD2FC246BD70E00E31FEB /* SceneDelegate.swift in Sources */ = {isa = PBXBuildFile; fileRef = 5ADFD2FB246BD70E00E31FEB /* SceneDelegate.swift */; };
		5ADFD2FE246BD70E00E31FEB /* ViewController.swift in Sources */ = {isa = PBXBuildFile; fileRef = 5ADFD2FD246BD70E00E31FEB /* ViewController.swift */; };
		5ADFD301246BD70E00E31FEB /* Main.storyboard in Resources */ = {isa = PBXBuildFile; fileRef = 5ADFD2FF246BD70E00E31FEB /* Main.storyboard */; };
		5ADFD304246BD70E00E31FEB /* ipad_project_planning_app.xcdatamodeld in Sources */ = {isa = PBXBuildFile; fileRef = 5ADFD302246BD70E00E31FEB /* ipad_project_planning_app.xcdatamodeld */; };
		5ADFD306246BD71100E31FEB /* Assets.xcassets in Resources */ = {isa = PBXBuildFile; fileRef = 5ADFD305246BD71100E31FEB /* Assets.xcassets */; };
		5ADFD309246BD71100E31FEB /* LaunchScreen.storyboard in Resources */ = {isa = PBXBuildFile; fileRef = 5ADFD307246BD71100E31FEB /* LaunchScreen.storyboard */; };
		5ADFD315246BE00C00E31FEB /* AddProjectTableViewController.swift in Sources */ = {isa = PBXBuildFile; fileRef = 5ADFD314246BE00C00E31FEB /* AddProjectTableViewController.swift */; };
		5ADFD340246C14D900E31FEB /* ViewProjectTableViewController.swift in Sources */ = {isa = PBXBuildFile; fileRef = 5ADFD33F246C14D900E31FEB /* ViewProjectTableViewController.swift */; };
		5ADFD347246C17C400E31FEB /* ProjectTableViewCell.swift in Sources */ = {isa = PBXBuildFile; fileRef = 5ADFD346246C17C400E31FEB /* ProjectTableViewCell.swift */; };
		5ADFD349246C4B0000E31FEB /* ProjectDetailViewController.swift in Sources */ = {isa = PBXBuildFile; fileRef = 5ADFD348246C4B0000E31FEB /* ProjectDetailViewController.swift */; };
		5ADFD34B246C5D6D00E31FEB /* TaskTableViewCell.swift in Sources */ = {isa = PBXBuildFile; fileRef = 5ADFD34A246C5D6D00E31FEB /* TaskTableViewCell.swift */; };
		5ADFD354246D2F0E00E31FEB /* AddTaskTableViewController.swift in Sources */ = {isa = PBXBuildFile; fileRef = 5ADFD353246D2F0E00E31FEB /* AddTaskTableViewController.swift */; };
		5ADFD356246D330500E31FEB /* CircularProgressBar.swift in Sources */ = {isa = PBXBuildFile; fileRef = 5ADFD355246D330500E31FEB /* CircularProgressBar.swift */; };
		5ADFD358246D344600E31FEB /* Colours.swift in Sources */ = {isa = PBXBuildFile; fileRef = 5ADFD357246D344600E31FEB /* Colours.swift */; };
		5ADFD35A246D6D5C00E31FEB /* DateUtils.swift in Sources */ = {isa = PBXBuildFile; fileRef = 5ADFD359246D6D5C00E31FEB /* DateUtils.swift */; };
/* End PBXBuildFile section */

/* Begin PBXFileReference section */
		5ADFD2F6246BD70E00E31FEB /* ipad-project-planning-app.app */ = {isa = PBXFileReference; explicitFileType = wrapper.application; includeInIndex = 0; path = "ipad-project-planning-app.app"; sourceTree = BUILT_PRODUCTS_DIR; };
		5ADFD2F9246BD70E00E31FEB /* AppDelegate.swift */ = {isa = PBXFileReference; lastKnownFileType = sourcecode.swift; path = AppDelegate.swift; sourceTree = "<group>"; };
		5ADFD2FB246BD70E00E31FEB /* SceneDelegate.swift */ = {isa = PBXFileReference; lastKnownFileType = sourcecode.swift; path = SceneDelegate.swift; sourceTree = "<group>"; };
		5ADFD2FD246BD70E00E31FEB /* ViewController.swift */ = {isa = PBXFileReference; lastKnownFileType = sourcecode.swift; path = ViewController.swift; sourceTree = "<group>"; };
		5ADFD300246BD70E00E31FEB /* Base */ = {isa = PBXFileReference; lastKnownFileType = file.storyboard; name = Base; path = Base.lproj/Main.storyboard; sourceTree = "<group>"; };
		5ADFD303246BD70E00E31FEB /* ipad_project_planning_app.xcdatamodel */ = {isa = PBXFileReference; lastKnownFileType = wrapper.xcdatamodel; path = ipad_project_planning_app.xcdatamodel; sourceTree = "<group>"; };
		5ADFD305246BD71100E31FEB /* Assets.xcassets */ = {isa = PBXFileReference; lastKnownFileType = folder.assetcatalog; path = Assets.xcassets; sourceTree = "<group>"; };
		5ADFD308246BD71100E31FEB /* Base */ = {isa = PBXFileReference; lastKnownFileType = file.storyboard; name = Base; path = Base.lproj/LaunchScreen.storyboard; sourceTree = "<group>"; };
		5ADFD30A246BD71100E31FEB /* Info.plist */ = {isa = PBXFileReference; lastKnownFileType = text.plist.xml; path = Info.plist; sourceTree = "<group>"; };
		5ADFD314246BE00C00E31FEB /* AddProjectTableViewController.swift */ = {isa = PBXFileReference; lastKnownFileType = sourcecode.swift; path = AddProjectTableViewController.swift; sourceTree = "<group>"; };
		5ADFD33F246C14D900E31FEB /* ViewProjectTableViewController.swift */ = {isa = PBXFileReference; lastKnownFileType = sourcecode.swift; path = ViewProjectTableViewController.swift; sourceTree = "<group>"; };
		5ADFD346246C17C400E31FEB /* ProjectTableViewCell.swift */ = {isa = PBXFileReference; lastKnownFileType = sourcecode.swift; path = ProjectTableViewCell.swift; sourceTree = "<group>"; };
		5ADFD348246C4B0000E31FEB /* ProjectDetailViewController.swift */ = {isa = PBXFileReference; lastKnownFileType = sourcecode.swift; path = ProjectDetailViewController.swift; sourceTree = "<group>"; };
		5ADFD34A246C5D6D00E31FEB /* TaskTableViewCell.swift */ = {isa = PBXFileReference; lastKnownFileType = sourcecode.swift; path = TaskTableViewCell.swift; sourceTree = "<group>"; };
		5ADFD353246D2F0E00E31FEB /* AddTaskTableViewController.swift */ = {isa = PBXFileReference; lastKnownFileType = sourcecode.swift; path = AddTaskTableViewController.swift; sourceTree = "<group>"; };
		5ADFD355246D330500E31FEB /* CircularProgressBar.swift */ = {isa = PBXFileReference; lastKnownFileType = sourcecode.swift; path = CircularProgressBar.swift; sourceTree = "<group>"; };
		5ADFD357246D344600E31FEB /* Colours.swift */ = {isa = PBXFileReference; lastKnownFileType = sourcecode.swift; path = Colours.swift; sourceTree = "<group>"; };
		5ADFD359246D6D5C00E31FEB /* DateUtils.swift */ = {isa = PBXFileReference; lastKnownFileType = sourcecode.swift; path = DateUtils.swift; sourceTree = "<group>"; };
/* End PBXFileReference section */

/* Begin PBXFrameworksBuildPhase section */
		5ADFD2F3246BD70E00E31FEB /* Frameworks */ = {
			isa = PBXFrameworksBuildPhase;
			buildActionMask = 2147483647;
			files = (
			);
			runOnlyForDeploymentPostprocessing = 0;
		};
/* End PBXFrameworksBuildPhase section */

/* Begin PBXGroup section */
		5ADFD2ED246BD70E00E31FEB = {
			isa = PBXGroup;
			children = (
				5ADFD2F8246BD70E00E31FEB /* ipad-project-planning-app */,
				5ADFD2F7246BD70E00E31FEB /* Products */,
			);
			sourceTree = "<group>";
		};
		5ADFD2F7246BD70E00E31FEB /* Products */ = {
			isa = PBXGroup;
			children = (
				5ADFD2F6246BD70E00E31FEB /* ipad-project-planning-app.app */,
			);
			name = Products;
			sourceTree = "<group>";
		};
		5ADFD2F8246BD70E00E31FEB /* ipad-project-planning-app */ = {
			isa = PBXGroup;
			children = (
				5ADFD341246C16F300E31FEB /* cell */,
				5ADFD33C246BF68200E31FEB /* model */,
				5ADFD2F9246BD70E00E31FEB /* AppDelegate.swift */,
				5ADFD2FB246BD70E00E31FEB /* SceneDelegate.swift */,
				5ADFD2FD246BD70E00E31FEB /* ViewController.swift */,
				5ADFD2FF246BD70E00E31FEB /* Main.storyboard */,
				5ADFD305246BD71100E31FEB /* Assets.xcassets */,
				5ADFD307246BD71100E31FEB /* LaunchScreen.storyboard */,
				5ADFD30A246BD71100E31FEB /* Info.plist */,
				5ADFD302246BD70E00E31FEB /* ipad_project_planning_app.xcdatamodeld */,
				5ADFD314246BE00C00E31FEB /* AddProjectTableViewController.swift */,
				5ADFD33F246C14D900E31FEB /* ViewProjectTableViewController.swift */,
				5ADFD348246C4B0000E31FEB /* ProjectDetailViewController.swift */,
				5ADFD353246D2F0E00E31FEB /* AddTaskTableViewController.swift */,
				5ADFD355246D330500E31FEB /* CircularProgressBar.swift */,
				5ADFD357246D344600E31FEB /* Colours.swift */,
				5ADFD359246D6D5C00E31FEB /* DateUtils.swift */,
			);
			path = "ipad-project-planning-app";
			sourceTree = "<group>";
		};
		5ADFD33C246BF68200E31FEB /* model */ = {
			isa = PBXGroup;
			children = (
			);
			path = model;
			sourceTree = "<group>";
		};
		5ADFD341246C16F300E31FEB /* cell */ = {
			isa = PBXGroup;
			children = (
				5ADFD346246C17C400E31FEB /* ProjectTableViewCell.swift */,
				5ADFD34A246C5D6D00E31FEB /* TaskTableViewCell.swift */,
			);
			path = cell;
			sourceTree = "<group>";
		};
/* End PBXGroup section */

/* Begin PBXNativeTarget section */
		5ADFD2F5246BD70E00E31FEB /* ipad-project-planning-app */ = {
			isa = PBXNativeTarget;
			buildConfigurationList = 5ADFD30D246BD71100E31FEB /* Build configuration list for PBXNativeTarget "ipad-project-planning-app" */;
			buildPhases = (
				5ADFD2F2246BD70E00E31FEB /* Sources */,
				5ADFD2F3246BD70E00E31FEB /* Frameworks */,
				5ADFD2F4246BD70E00E31FEB /* Resources */,
			);
			buildRules = (
			);
			dependencies = (
			);
			name = "ipad-project-planning-app";
			productName = "ipad-project-planning-app";
			productReference = 5ADFD2F6246BD70E00E31FEB /* ipad-project-planning-app.app */;
			productType = "com.apple.product-type.application";
		};
/* End PBXNativeTarget section */

/* Begin PBXProject section */
		5ADFD2EE246BD70E00E31FEB /* Project object */ = {
			isa = PBXProject;
			attributes = {
				LastSwiftUpdateCheck = 1140;
				LastUpgradeCheck = 1140;
				ORGANIZATIONNAME = "Stelan Simonsz";
				TargetAttributes = {
					5ADFD2F5246BD70E00E31FEB = {
						CreatedOnToolsVersion = 11.4.1;
					};
				};
			};
			buildConfigurationList = 5ADFD2F1246BD70E00E31FEB /* Build configuration list for PBXProject "ipad-project-planning-app" */;
			compatibilityVersion = "Xcode 9.3";
			developmentRegion = en;
			hasScannedForEncodings = 0;
			knownRegions = (
				en,
				Base,
			);
			mainGroup = 5ADFD2ED246BD70E00E31FEB;
			productRefGroup = 5ADFD2F7246BD70E00E31FEB /* Products */;
			projectDirPath = "";
			projectRoot = "";
			targets = (
				5ADFD2F5246BD70E00E31FEB /* ipad-project-planning-app */,
			);
		};
/* End PBXProject section */

/* Begin PBXResourcesBuildPhase section */
		5ADFD2F4246BD70E00E31FEB /* Resources */ = {
			isa = PBXResourcesBuildPhase;
			buildActionMask = 2147483647;
			files = (
				5ADFD309246BD71100E31FEB /* LaunchScreen.storyboard in Resources */,
				5ADFD306246BD71100E31FEB /* Assets.xcassets in Resources */,
				5ADFD301246BD70E00E31FEB /* Main.storyboard in Resources */,
			);
			runOnlyForDeploymentPostprocessing = 0;
		};
/* End PBXResourcesBuildPhase section */

/* Begin PBXSourcesBuildPhase section */
		5ADFD2F2246BD70E00E31FEB /* Sources */ = {
			isa = PBXSourcesBuildPhase;
			buildActionMask = 2147483647;
			files = (
				5ADFD304246BD70E00E31FEB /* ipad_project_planning_app.xcdatamodeld in Sources */,
				5ADFD347246C17C400E31FEB /* ProjectTableViewCell.swift in Sources */,
				5ADFD34B246C5D6D00E31FEB /* TaskTableViewCell.swift in Sources */,
				5ADFD35A246D6D5C00E31FEB /* DateUtils.swift in Sources */,
				5ADFD315246BE00C00E31FEB /* AddProjectTableViewController.swift in Sources */,
				5ADFD354246D2F0E00E31FEB /* AddTaskTableViewController.swift in Sources */,
				5ADFD356246D330500E31FEB /* CircularProgressBar.swift in Sources */,
				5ADFD340246C14D900E31FEB /* ViewProjectTableViewController.swift in Sources */,
				5ADFD358246D344600E31FEB /* Colours.swift in Sources */,
				5ADFD2FE246BD70E00E31FEB /* ViewController.swift in Sources */,
				5ADFD2FA246BD70E00E31FEB /* AppDelegate.swift in Sources */,
				5ADFD2FC246BD70E00E31FEB /* SceneDelegate.swift in Sources */,
				5ADFD349246C4B0000E31FEB /* ProjectDetailViewController.swift in Sources */,
			);
			runOnlyForDeploymentPostprocessing = 0;
		};
/* End PBXSourcesBuildPhase section */

/* Begin PBXVariantGroup section */
		5ADFD2FF246BD70E00E31FEB /* Main.storyboard */ = {
			isa = PBXVariantGroup;
			children = (
				5ADFD300246BD70E00E31FEB /* Base */,
			);
			name = Main.storyboard;
			sourceTree = "<group>";
		};
		5ADFD307246BD71100E31FEB /* LaunchScreen.storyboard */ = {
			isa = PBXVariantGroup;
			children = (
				5ADFD308246BD71100E31FEB /* Base */,
			);
			name = LaunchScreen.storyboard;
			sourceTree = "<group>";
		};
/* End PBXVariantGroup section */

/* Begin XCBuildConfiguration section */
		5ADFD30B246BD71100E31FEB /* Debug */ = {
			isa = XCBuildConfiguration;
			buildSettings = {
				ALWAYS_SEARCH_USER_PATHS = NO;
				CLANG_ANALYZER_NONNULL = YES;
				CLANG_ANALYZER_NUMBER_OBJECT_CONVERSION = YES_AGGRESSIVE;
				CLANG_CXX_LANGUAGE_STANDARD = "gnu++14";
				CLANG_CXX_LIBRARY = "libc++";
				CLANG_ENABLE_MODULES = YES;
				CLANG_ENABLE_OBJC_ARC = YES;
				CLANG_ENABLE_OBJC_WEAK = YES;
				CLANG_WARN_BLOCK_CAPTURE_AUTORELEASING = YES;
				CLANG_WARN_BOOL_CONVERSION = YES;
				CLANG_WARN_COMMA = YES;
				CLANG_WARN_CONSTANT_CONVERSION = YES;
				CLANG_WARN_DEPRECATED_OBJC_IMPLEMENTATIONS = YES;
				CLANG_WARN_DIRECT_OBJC_ISA_USAGE = YES_ERROR;
				CLANG_WARN_DOCUMENTATION_COMMENTS = YES;
				CLANG_WARN_EMPTY_BODY = YES;
				CLANG_WARN_ENUM_CONVERSION = YES;
				CLANG_WARN_INFINITE_RECURSION = YES;
				CLANG_WARN_INT_CONVERSION = YES;
				CLANG_WARN_NON_LITERAL_NULL_CONVERSION = YES;
				CLANG_WARN_OBJC_IMPLICIT_RETAIN_SELF = YES;
				CLANG_WARN_OBJC_LITERAL_CONVERSION = YES;
				CLANG_WARN_OBJC_ROOT_CLASS = YES_ERROR;
				CLANG_WARN_RANGE_LOOP_ANALYSIS = YES;
				CLANG_WARN_STRICT_PROTOTYPES = YES;
				CLANG_WARN_SUSPICIOUS_MOVE = YES;
				CLANG_WARN_UNGUARDED_AVAILABILITY = YES_AGGRESSIVE;
				CLANG_WARN_UNREACHABLE_CODE = YES;
				CLANG_WARN__DUPLICATE_METHOD_MATCH = YES;
				COPY_PHASE_STRIP = NO;
				DEBUG_INFORMATION_FORMAT = dwarf;
				ENABLE_STRICT_OBJC_MSGSEND = YES;
				ENABLE_TESTABILITY = YES;
				GCC_C_LANGUAGE_STANDARD = gnu11;
				GCC_DYNAMIC_NO_PIC = NO;
				GCC_NO_COMMON_BLOCKS = YES;
				GCC_OPTIMIZATION_LEVEL = 0;
				GCC_PREPROCESSOR_DEFINITIONS = (
					"DEBUG=1",
					"$(inherited)",
				);
				GCC_WARN_64_TO_32_BIT_CONVERSION = YES;
				GCC_WARN_ABOUT_RETURN_TYPE = YES_ERROR;
				GCC_WARN_UNDECLARED_SELECTOR = YES;
				GCC_WARN_UNINITIALIZED_AUTOS = YES_AGGRESSIVE;
				GCC_WARN_UNUSED_FUNCTION = YES;
				GCC_WARN_UNUSED_VARIABLE = YES;
				IPHONEOS_DEPLOYMENT_TARGET = 13.4;
				MTL_ENABLE_DEBUG_INFO = INCLUDE_SOURCE;
				MTL_FAST_MATH = YES;
				ONLY_ACTIVE_ARCH = YES;
				SDKROOT = iphoneos;
				SWIFT_ACTIVE_COMPILATION_CONDITIONS = DEBUG;
				SWIFT_OPTIMIZATION_LEVEL = "-Onone";
			};
			name = Debug;
		};
		5ADFD30C246BD71100E31FEB /* Release */ = {
			isa = XCBuildConfiguration;
			buildSettings = {
				ALWAYS_SEARCH_USER_PATHS = NO;
				CLANG_ANALYZER_NONNULL = YES;
				CLANG_ANALYZER_NUMBER_OBJECT_CONVERSION = YES_AGGRESSIVE;
				CLANG_CXX_LANGUAGE_STANDARD = "gnu++14";
				CLANG_CXX_LIBRARY = "libc++";
				CLANG_ENABLE_MODULES = YES;
				CLANG_ENABLE_OBJC_ARC = YES;
				CLANG_ENABLE_OBJC_WEAK = YES;
				CLANG_WARN_BLOCK_CAPTURE_AUTORELEASING = YES;
				CLANG_WARN_BOOL_CONVERSION = YES;
				CLANG_WARN_COMMA = YES;
				CLANG_WARN_CONSTANT_CONVERSION = YES;
				CLANG_WARN_DEPRECATED_OBJC_IMPLEMENTATIONS = YES;
				CLANG_WARN_DIRECT_OBJC_ISA_USAGE = YES_ERROR;
				CLANG_WARN_DOCUMENTATION_COMMENTS = YES;
				CLANG_WARN_EMPTY_BODY = YES;
				CLANG_WARN_ENUM_CONVERSION = YES;
				CLANG_WARN_INFINITE_RECURSION = YES;
				CLANG_WARN_INT_CONVERSION = YES;
				CLANG_WARN_NON_LITERAL_NULL_CONVERSION = YES;
				CLANG_WARN_OBJC_IMPLICIT_RETAIN_SELF = YES;
				CLANG_WARN_OBJC_LITERAL_CONVERSION = YES;
				CLANG_WARN_OBJC_ROOT_CLASS = YES_ERROR;
				CLANG_WARN_RANGE_LOOP_ANALYSIS = YES;
				CLANG_WARN_STRICT_PROTOTYPES = YES;
				CLANG_WARN_SUSPICIOUS_MOVE = YES;
				CLANG_WARN_UNGUARDED_AVAILABILITY = YES_AGGRESSIVE;
				CLANG_WARN_UNREACHABLE_CODE = YES;
				CLANG_WARN__DUPLICATE_METHOD_MATCH = YES;
				COPY_PHASE_STRIP = NO;
				DEBUG_INFORMATION_FORMAT = "dwarf-with-dsym";
				ENABLE_NS_ASSERTIONS = NO;
				ENABLE_STRICT_OBJC_MSGSEND = YES;
				GCC_C_LANGUAGE_STANDARD = gnu11;
				GCC_NO_COMMON_BLOCKS = YES;
				GCC_WARN_64_TO_32_BIT_CONVERSION = YES;
				GCC_WARN_ABOUT_RETURN_TYPE = YES_ERROR;
				GCC_WARN_UNDECLARED_SELECTOR = YES;
				GCC_WARN_UNINITIALIZED_AUTOS = YES_AGGRESSIVE;
				GCC_WARN_UNUSED_FUNCTION = YES;
				GCC_WARN_UNUSED_VARIABLE = YES;
				IPHONEOS_DEPLOYMENT_TARGET = 13.4;
				MTL_ENABLE_DEBUG_INFO = NO;
				MTL_FAST_MATH = YES;
				SDKROOT = iphoneos;
				SWIFT_COMPILATION_MODE = wholemodule;
				SWIFT_OPTIMIZATION_LEVEL = "-O";
				VALIDATE_PRODUCT = YES;
			};
			name = Release;
		};
		5ADFD30E246BD71100E31FEB /* Debug */ = {
			isa = XCBuildConfiguration;
			buildSettings = {
				ASSETCATALOG_COMPILER_APPICON_NAME = AppIcon;
				CODE_SIGN_STYLE = Automatic;
				DEVELOPMENT_TEAM = V3386T9793;
				INFOPLIST_FILE = "ipad-project-planning-app/Info.plist";
				LD_RUNPATH_SEARCH_PATHS = (
					"$(inherited)",
					"@executable_path/Frameworks",
				);
				PRODUCT_BUNDLE_IDENTIFIER = "iit.ipad-project-planning-app";
				PRODUCT_NAME = "$(TARGET_NAME)";
				SWIFT_VERSION = 5.0;
				TARGETED_DEVICE_FAMILY = "1,2";
			};
			name = Debug;
		};
		5ADFD30F246BD71100E31FEB /* Release */ = {
			isa = XCBuildConfiguration;
			buildSettings = {
				ASSETCATALOG_COMPILER_APPICON_NAME = AppIcon;
				CODE_SIGN_STYLE = Automatic;
				DEVELOPMENT_TEAM = V3386T9793;
				INFOPLIST_FILE = "ipad-project-planning-app/Info.plist";
				LD_RUNPATH_SEARCH_PATHS = (
					"$(inherited)",
					"@executable_path/Frameworks",
				);
				PRODUCT_BUNDLE_IDENTIFIER = "iit.ipad-project-planning-app";
				PRODUCT_NAME = "$(TARGET_NAME)";
				SWIFT_VERSION = 5.0;
				TARGETED_DEVICE_FAMILY = "1,2";
			};
			name = Release;
		};
/* End XCBuildConfiguration section */

/* Begin XCConfigurationList section */
		5ADFD2F1246BD70E00E31FEB /* Build configuration list for PBXProject "ipad-project-planning-app" */ = {
			isa = XCConfigurationList;
			buildConfigurations = (
				5ADFD30B246BD71100E31FEB /* Debug */,
				5ADFD30C246BD71100E31FEB /* Release */,
			);
			defaultConfigurationIsVisible = 0;
			defaultConfigurationName = Release;
		};
		5ADFD30D246BD71100E31FEB /* Build configuration list for PBXNativeTarget "ipad-project-planning-app" */ = {
			isa = XCConfigurationList;
			buildConfigurations = (
				5ADFD30E246BD71100E31FEB /* Debug */,
				5ADFD30F246BD71100E31FEB /* Release */,
			);
			defaultConfigurationIsVisible = 0;
			defaultConfigurationName = Release;
		};
/* End XCConfigurationList section */

/* Begin XCVersionGroup section */
		5ADFD302246BD70E00E31FEB /* ipad_project_planning_app.xcdatamodeld */ = {
			isa = XCVersionGroup;
			children = (
				5ADFD303246BD70E00E31FEB /* ipad_project_planning_app.xcdatamodel */,
			);
			currentVersion = 5ADFD303246BD70E00E31FEB /* ipad_project_planning_app.xcdatamodel */;
			path = ipad_project_planning_app.xcdatamodeld;
			sourceTree = "<group>";
			versionGroupType = wrapper.xcdatamodel;
		};
/* End XCVersionGroup section */
	};
	rootObject = 5ADFD2EE246BD70E00E31FEB /* Project object */;
}
